
Microsoft Visual Studio Solution File, Format Version 12.00
# Visual Studio 2013
VisualStudioVersion = 12.0.40629.0
MinimumVisualStudioVersion = 10.0.40219.1
Project("{8BC9CEB8-8B4A-11D0-8D11-00A0C91BC942}") = "Client", "Client\Client.vcxproj", "{63C21F22-3301-4901-89B8-3D44241C331C}"
	ProjectSection(ProjectDependencies) = postProject
		{782B085A-2DC1-40EF-8D76-541E47B108E7} = {782B085A-2DC1-40EF-8D76-541E47B108E7}
	EndProjectSection
EndProject
Project("{8BC9CEB8-8B4A-11D0-8D11-00A0C91BC942}") = "Server", "Server\Server.vcxproj", "{782B085A-2DC1-40EF-8D76-541E47B108E7}"
EndProject
Global
	GlobalSection(SolutionConfigurationPlatforms) = preSolution
		Debug|Win32 = Debug|Win32
		Release|Win32 = Release|Win32
	EndGlobalSection
	GlobalSection(ProjectConfigurationPlatforms) = postSolution
		{63C21F22-3301-4901-89B8-3D44241C331C}.Debug|Win32.ActiveCfg = Debug|Win32
		{63C21F22-3301-4901-89B8-3D44241C331C}.Debug|Win32.Build.0 = Debug|Win32
		{63C21F22-3301-4901-89B8-3D44241C331C}.Release|Win32.ActiveCfg = Release|Win32
		{63C21F22-3301-4901-89B8-3D44241C331C}.Release|Win32.Build.0 = Release|Win32
		{782B085A-2DC1-40EF-8D76-541E47B108E7}.Debug|Win32.ActiveCfg = Debug|Win32
		{782B085A-2DC1-40EF-8D76-541E47B108E7}.Debug|Win32.Build.0 = Debug|Win32
		{782B085A-2DC1-40EF-8D76-541E47B108E7}.Release|Win32.ActiveCfg = Release|Win32
		{782B085A-2DC1-40EF-8D76-541E47B108E7}.Release|Win32.Build.0 = Release|Win32
	EndGlobalSection
	GlobalSection(SolutionProperties) = preSolution
		HideSolutionNode = FALSE
	EndGlobalSection
EndGlobal
